{
  "name": "frontend",
  "lockfileVersion": 3,
  "requires": true,
  "packages": {
    "": {
      "dependencies": {
        "intern-portal-backend": "file:.."
      }
    },
    "..": {
      "name": "intern-portal-backend",
      "version": "1.0.0",
      "license": "ISC",
      "dependencies": {
        "cors": "^2.8.5",
        "dotenv": "^17.2.1",
        "express": "^5.1.0",
        "mongoose": "^8.17.0"
      }
    },
    "node_modules/intern-portal-backend": {
      "resolved": "..",
      "link": true
    }
  }
}
